# THIS IS AN AUTOGENERATED FILE. DO NOT EDIT THIS FILE DIRECTLY.
# yarn lockfile v1


tachyons-custom@^4.9.2:
  version "4.9.5"
  resolved "https://registry.yarnpkg.com/tachyons-custom/-/tachyons-custom-4.9.5.tgz#59b3378ea154850bc199fa970bbc928b68ad1363"

tachyons-sass@^4.9.3:
  version "4.9.3"
  resolved "https://registry.yarnpkg.com/tachyons-sass/-/tachyons-sass-4.9.3.tgz#a411a6416f1dfa88efb16ba498ace108eefe4aa3"
  dependencies:
    tachyons-custom "^4.9.2"
